<Solution>
  <Configurations>
    <Platform Name="x64" />
    <Platform Name="x86" />
  </Configurations>
  <Folder Name="/C++Course/">
    <Project Path="C++Course/C++Course.vcxproj" Id="3ccd2dab-da71-4390-ad14-f8c4ff9b6ad7" />
  </Folder>
  <Project Path="TicTacToe/TicTacToe.vcxproj" Id="0bdb8aaf-b936-49bd-be37-07fe7412f715" />
</Solution>
